
Microsoft Visual Studio Solution File, Format Version 12.00
# Visual Studio Version 17
VisualStudioVersion = 17.9.34728.123
MinimumVisualStudioVersion = 10.0.40219.1
Project("{FAE04EC0-301F-11D3-BF4B-00C04F79EFBC}") = "Аринин Озон", "Аринин Озон\Аринин Озон.csproj", "{7C95053A-B420-414B-AD76-F5FD0332E66D}"
EndProject
Global
	GlobalSection(SolutionConfigurationPlatforms) = preSolution
		Debug|Any CPU = Debug|Any CPU
		Release|Any CPU = Release|Any CPU
	EndGlobalSection
	GlobalSection(ProjectConfigurationPlatforms) = postSolution
		{7C95053A-B420-414B-AD76-F5FD0332E66D}.Debug|Any CPU.ActiveCfg = Debug|Any CPU
		{7C95053A-B420-414B-AD76-F5FD0332E66D}.Debug|Any CPU.Build.0 = Debug|Any CPU
		{7C95053A-B420-414B-AD76-F5FD0332E66D}.Release|Any CPU.ActiveCfg = Release|Any CPU
		{7C95053A-B420-414B-AD76-F5FD0332E66D}.Release|Any CPU.Build.0 = Release|Any CPU
	EndGlobalSection
	GlobalSection(SolutionProperties) = preSolution
		HideSolutionNode = FALSE
	EndGlobalSection
	GlobalSection(ExtensibilityGlobals) = postSolution
		SolutionGuid = {E8CE0753-CAD9-4FFA-9240-0D5D90909557}
	EndGlobalSection
EndGlobal
